
Microsoft Visual Studio Solution File, Format Version 12.00
# Visual Studio Version 17
VisualStudioVersion = 17.12.35424.110
MinimumVisualStudioVersion = 10.0.40219.1
Project("{9A19103F-16F7-4668-BE54-9A1E7A4F7556}") = "Graduation_Project.Core", "Graduation_Project.Core\Graduation_Project.Core.csproj", "{22666CF1-34BC-4BCA-AE22-A43EFD7813AB}"
EndProject
Project("{9A19103F-16F7-4668-BE54-9A1E7A4F7556}") = "Graduation_Project.Repository", "Graduation_Project.Repository\Graduation_Project.Repository.csproj", "{0B458DF1-594B-4760-9585-DC42EF869203}"
EndProject
Project("{9A19103F-16F7-4668-BE54-9A1E7A4F7556}") = "Graduation_Project.Service", "Graduation_Project.Service\Graduation_Project.Service.csproj", "{06C2EB69-EEA4-4BCA-8C56-D13D5720FBA3}"
EndProject
Project("{9A19103F-16F7-4668-BE54-9A1E7A4F7556}") = "Graduation_Project.Api", "Graduation_Project.Api\Graduation_Project.Api.csproj", "{9497BCC5-3566-4B24-A5FC-B68B4D0A4EAA}"
EndProject
Project("{FAE04EC0-301F-11D3-BF4B-00C04F79EFBC}") = "Pharmacy_Dashboard.MVC", "Pharmacy_Dashboard.MVC\Pharmacy_Dashboard.MVC.csproj", "{BA5065F7-D331-4A38-B86D-1DEE870FD626}"
EndProject
Global
	GlobalSection(SolutionConfigurationPlatforms) = preSolution
		Debug|Any CPU = Debug|Any CPU
		Release|Any CPU = Release|Any CPU
	EndGlobalSection
	GlobalSection(ProjectConfigurationPlatforms) = postSolution
		{22666CF1-34BC-4BCA-AE22-A43EFD7813AB}.Debug|Any CPU.ActiveCfg = Debug|Any CPU
		{22666CF1-34BC-4BCA-AE22-A43EFD7813AB}.Debug|Any CPU.Build.0 = Debug|Any CPU
		{22666CF1-34BC-4BCA-AE22-A43EFD7813AB}.Release|Any CPU.ActiveCfg = Release|Any CPU
		{22666CF1-34BC-4BCA-AE22-A43EFD7813AB}.Release|Any CPU.Build.0 = Release|Any CPU
		{0B458DF1-594B-4760-9585-DC42EF869203}.Debug|Any CPU.ActiveCfg = Debug|Any CPU
		{0B458DF1-594B-4760-9585-DC42EF869203}.Debug|Any CPU.Build.0 = Debug|Any CPU
		{0B458DF1-594B-4760-9585-DC42EF869203}.Release|Any CPU.ActiveCfg = Release|Any CPU
		{0B458DF1-594B-4760-9585-DC42EF869203}.Release|Any CPU.Build.0 = Release|Any CPU
		{06C2EB69-EEA4-4BCA-8C56-D13D5720FBA3}.Debug|Any CPU.ActiveCfg = Debug|Any CPU
		{06C2EB69-EEA4-4BCA-8C56-D13D5720FBA3}.Debug|Any CPU.Build.0 = Debug|Any CPU
		{06C2EB69-EEA4-4BCA-8C56-D13D5720FBA3}.Release|Any CPU.ActiveCfg = Release|Any CPU
		{06C2EB69-EEA4-4BCA-8C56-D13D5720FBA3}.Release|Any CPU.Build.0 = Release|Any CPU
		{9497BCC5-3566-4B24-A5FC-B68B4D0A4EAA}.Debug|Any CPU.ActiveCfg = Debug|Any CPU
		{9497BCC5-3566-4B24-A5FC-B68B4D0A4EAA}.Debug|Any CPU.Build.0 = Debug|Any CPU
		{9497BCC5-3566-4B24-A5FC-B68B4D0A4EAA}.Release|Any CPU.ActiveCfg = Release|Any CPU
		{9497BCC5-3566-4B24-A5FC-B68B4D0A4EAA}.Release|Any CPU.Build.0 = Release|Any CPU
		{BA5065F7-D331-4A38-B86D-1DEE870FD626}.Debug|Any CPU.ActiveCfg = Debug|Any CPU
		{BA5065F7-D331-4A38-B86D-1DEE870FD626}.Debug|Any CPU.Build.0 = Debug|Any CPU
		{BA5065F7-D331-4A38-B86D-1DEE870FD626}.Release|Any CPU.ActiveCfg = Release|Any CPU
		{BA5065F7-D331-4A38-B86D-1DEE870FD626}.Release|Any CPU.Build.0 = Release|Any CPU
	EndGlobalSection
	GlobalSection(SolutionProperties) = preSolution
		HideSolutionNode = FALSE
	EndGlobalSection
	GlobalSection(ExtensibilityGlobals) = postSolution
		SolutionGuid = {5104F454-DF38-4AF6-8FAA-008789393D43}
	EndGlobalSection
EndGlobal
